
Microsoft Visual Studio Solution File, Format Version 12.00
# Visual Studio 2013
VisualStudioVersion = 12.0.30501.0
MinimumVisualStudioVersion = 10.0.40219.1
Project("{FAE04EC0-301F-11D3-BF4B-00C04F79EFBC}") = "4.4 Binary serialization", "4.4 Binary serialization\4.4 Binary serialization.csproj", "{96F4E22E-0645-44BA-8803-415622E00124}"
EndProject
Project("{FAE04EC0-301F-11D3-BF4B-00C04F79EFBC}") = "4.4 XML serialization", "4.4 XML serialization\4.4 XML serialization.csproj", "{98F16DA4-C9EE-40BE-B1C2-1D6138AAF11F}"
EndProject
Project("{FAE04EC0-301F-11D3-BF4B-00C04F79EFBC}") = "4.4 JSON serialization", "4.4 JSON serialization\4.4 JSON serialization.csproj", "{BC4D340D-97F9-469A-871B-EF09DEE9355F}"
EndProject
Project("{FAE04EC0-301F-11D3-BF4B-00C04F79EFBC}") = "4.5 Custom Collections", "4.5 Custom Collections\4.5 Custom Collections.csproj", "{B2B86444-4644-4800-AEAC-122E976C2B14}"
EndProject
Project("{FAE04EC0-301F-11D3-BF4B-00C04F79EFBC}") = "4.5 Generic List", "4.5 Generic List\4.5 Generic List.csproj", "{7D951826-DEE9-46A3-97B2-A7736954F99D}"
EndProject
Project("{FAE04EC0-301F-11D3-BF4B-00C04F79EFBC}") = "4.2 DBDataAdapter", "4.2 DBDataAdapter\4.2 DBDataAdapter.csproj", "{993CFE7A-E3AC-458E-A1EE-4210E192082F}"
EndProject
Project("{FAE04EC0-301F-11D3-BF4B-00C04F79EFBC}") = "4.1 DirectoryInfo", "4.1 DirectoryInfo\4.1 DirectoryInfo.csproj", "{A1D803C9-61FB-4B50-B457-3CA6A312A496}"
EndProject
Project("{FAE04EC0-301F-11D3-BF4B-00C04F79EFBC}") = "4.1 Streams", "4.1 Streams\4.1 Streams.csproj", "{E7B16958-9A1E-4BD0-A4CC-7AD882A93747}"
EndProject
Project("{FAE04EC0-301F-11D3-BF4B-00C04F79EFBC}") = "4.1 StreamReader", "4.1 StreamReader\4.1 StreamReader.csproj", "{02CBF8C2-BCD6-437F-8CF0-80EF19521DFE}"
EndProject
Project("{FAE04EC0-301F-11D3-BF4B-00C04F79EFBC}") = "4.1 Asynchronous IO Operations", "4.1 Asynchronous IO Operations\4.1 Asynchronous IO Operations.csproj", "{6C73C7FF-1069-4F43-9387-5FFEF485463E}"
EndProject
Project("{FAE04EC0-301F-11D3-BF4B-00C04F79EFBC}") = "4.3 LINQ Distinct Method Custom", "4.3 LINQ Distinct Method Custom\4.3 LINQ Distinct Method Custom.csproj", "{B935EB30-BB28-4BBD-B30E-A4FEF5A30BDD}"
EndProject
Project("{FAE04EC0-301F-11D3-BF4B-00C04F79EFBC}") = "3.5 System event log", "3.5 System event log\3.5 System event log.csproj", "{44815B5D-006D-4CF5-9DA9-719537690669}"
EndProject
Project("{FAE04EC0-301F-11D3-BF4B-00C04F79EFBC}") = "3.2 X509Certificates", "3.2 X509Certificates\3.2 X509Certificates.csproj", "{A42FA450-86DE-41BA-9A1D-C5784C0DB15E}"
EndProject
Project("{FAE04EC0-301F-11D3-BF4B-00C04F79EFBC}") = "3.2 ProtectedData", "3.2 ProtectedData\3.2 ProtectedData.csproj", "{79768319-CCEA-4D99-ACE1-357BB63C6909}"
EndProject
Project("{FAE04EC0-301F-11D3-BF4B-00C04F79EFBC}") = "3.2 RSA Asymmetric Algorithm", "3.2 RSA Asymmetric Algorithm\3.2 RSA Asymmetric Algorithm.csproj", "{00A140DE-B0A9-4FDD-913B-66FD7D5C7B68}"
EndProject
Project("{FAE04EC0-301F-11D3-BF4B-00C04F79EFBC}") = "2.5 Reflection", "2.5 Reflection\2.5 Reflection.csproj", "{A7C3BEF7-0312-4C6C-AA43-21567A6AFAC8}"
EndProject
Project("{FAE04EC0-301F-11D3-BF4B-00C04F79EFBC}") = "1.1 Parallel class", "1.1 Parallel class\1.1 Parallel class.csproj", "{34B5FAA0-888F-484F-9202-788B8310945F}"
EndProject
Project("{FAE04EC0-301F-11D3-BF4B-00C04F79EFBC}") = "1.1 Tasks", "1.1 Tasks\1.1 Tasks.csproj", "{DE6B9EC8-66C3-438B-8F0B-761988EB5F01}"
EndProject
Global
	GlobalSection(SolutionConfigurationPlatforms) = preSolution
		Debug|Any CPU = Debug|Any CPU
		Release|Any CPU = Release|Any CPU
	EndGlobalSection
	GlobalSection(ProjectConfigurationPlatforms) = postSolution
		{96F4E22E-0645-44BA-8803-415622E00124}.Debug|Any CPU.ActiveCfg = Debug|Any CPU
		{96F4E22E-0645-44BA-8803-415622E00124}.Debug|Any CPU.Build.0 = Debug|Any CPU
		{96F4E22E-0645-44BA-8803-415622E00124}.Release|Any CPU.ActiveCfg = Release|Any CPU
		{96F4E22E-0645-44BA-8803-415622E00124}.Release|Any CPU.Build.0 = Release|Any CPU
		{98F16DA4-C9EE-40BE-B1C2-1D6138AAF11F}.Debug|Any CPU.ActiveCfg = Debug|Any CPU
		{98F16DA4-C9EE-40BE-B1C2-1D6138AAF11F}.Debug|Any CPU.Build.0 = Debug|Any CPU
		{98F16DA4-C9EE-40BE-B1C2-1D6138AAF11F}.Release|Any CPU.ActiveCfg = Release|Any CPU
		{98F16DA4-C9EE-40BE-B1C2-1D6138AAF11F}.Release|Any CPU.Build.0 = Release|Any CPU
		{BC4D340D-97F9-469A-871B-EF09DEE9355F}.Debug|Any CPU.ActiveCfg = Debug|Any CPU
		{BC4D340D-97F9-469A-871B-EF09DEE9355F}.Debug|Any CPU.Build.0 = Debug|Any CPU
		{BC4D340D-97F9-469A-871B-EF09DEE9355F}.Release|Any CPU.ActiveCfg = Release|Any CPU
		{BC4D340D-97F9-469A-871B-EF09DEE9355F}.Release|Any CPU.Build.0 = Release|Any CPU
		{B2B86444-4644-4800-AEAC-122E976C2B14}.Debug|Any CPU.ActiveCfg = Debug|Any CPU
		{B2B86444-4644-4800-AEAC-122E976C2B14}.Debug|Any CPU.Build.0 = Debug|Any CPU
		{B2B86444-4644-4800-AEAC-122E976C2B14}.Release|Any CPU.ActiveCfg = Release|Any CPU
		{B2B86444-4644-4800-AEAC-122E976C2B14}.Release|Any CPU.Build.0 = Release|Any CPU
		{7D951826-DEE9-46A3-97B2-A7736954F99D}.Debug|Any CPU.ActiveCfg = Debug|Any CPU
		{7D951826-DEE9-46A3-97B2-A7736954F99D}.Debug|Any CPU.Build.0 = Debug|Any CPU
		{7D951826-DEE9-46A3-97B2-A7736954F99D}.Release|Any CPU.ActiveCfg = Release|Any CPU
		{7D951826-DEE9-46A3-97B2-A7736954F99D}.Release|Any CPU.Build.0 = Release|Any CPU
		{993CFE7A-E3AC-458E-A1EE-4210E192082F}.Debug|Any CPU.ActiveCfg = Debug|Any CPU
		{993CFE7A-E3AC-458E-A1EE-4210E192082F}.Debug|Any CPU.Build.0 = Debug|Any CPU
		{993CFE7A-E3AC-458E-A1EE-4210E192082F}.Release|Any CPU.ActiveCfg = Release|Any CPU
		{993CFE7A-E3AC-458E-A1EE-4210E192082F}.Release|Any CPU.Build.0 = Release|Any CPU
		{A1D803C9-61FB-4B50-B457-3CA6A312A496}.Debug|Any CPU.ActiveCfg = Debug|Any CPU
		{A1D803C9-61FB-4B50-B457-3CA6A312A496}.Debug|Any CPU.Build.0 = Debug|Any CPU
		{A1D803C9-61FB-4B50-B457-3CA6A312A496}.Release|Any CPU.ActiveCfg = Release|Any CPU
		{A1D803C9-61FB-4B50-B457-3CA6A312A496}.Release|Any CPU.Build.0 = Release|Any CPU
		{E7B16958-9A1E-4BD0-A4CC-7AD882A93747}.Debug|Any CPU.ActiveCfg = Debug|Any CPU
		{E7B16958-9A1E-4BD0-A4CC-7AD882A93747}.Debug|Any CPU.Build.0 = Debug|Any CPU
		{E7B16958-9A1E-4BD0-A4CC-7AD882A93747}.Release|Any CPU.ActiveCfg = Release|Any CPU
		{E7B16958-9A1E-4BD0-A4CC-7AD882A93747}.Release|Any CPU.Build.0 = Release|Any CPU
		{02CBF8C2-BCD6-437F-8CF0-80EF19521DFE}.Debug|Any CPU.ActiveCfg = Debug|Any CPU
		{02CBF8C2-BCD6-437F-8CF0-80EF19521DFE}.Debug|Any CPU.Build.0 = Debug|Any CPU
		{02CBF8C2-BCD6-437F-8CF0-80EF19521DFE}.Release|Any CPU.ActiveCfg = Release|Any CPU
		{02CBF8C2-BCD6-437F-8CF0-80EF19521DFE}.Release|Any CPU.Build.0 = Release|Any CPU
		{6C73C7FF-1069-4F43-9387-5FFEF485463E}.Debug|Any CPU.ActiveCfg = Debug|Any CPU
		{6C73C7FF-1069-4F43-9387-5FFEF485463E}.Debug|Any CPU.Build.0 = Debug|Any CPU
		{6C73C7FF-1069-4F43-9387-5FFEF485463E}.Release|Any CPU.ActiveCfg = Release|Any CPU
		{6C73C7FF-1069-4F43-9387-5FFEF485463E}.Release|Any CPU.Build.0 = Release|Any CPU
		{B935EB30-BB28-4BBD-B30E-A4FEF5A30BDD}.Debug|Any CPU.ActiveCfg = Debug|Any CPU
		{B935EB30-BB28-4BBD-B30E-A4FEF5A30BDD}.Debug|Any CPU.Build.0 = Debug|Any CPU
		{B935EB30-BB28-4BBD-B30E-A4FEF5A30BDD}.Release|Any CPU.ActiveCfg = Release|Any CPU
		{B935EB30-BB28-4BBD-B30E-A4FEF5A30BDD}.Release|Any CPU.Build.0 = Release|Any CPU
		{44815B5D-006D-4CF5-9DA9-719537690669}.Debug|Any CPU.ActiveCfg = Debug|Any CPU
		{44815B5D-006D-4CF5-9DA9-719537690669}.Debug|Any CPU.Build.0 = Debug|Any CPU
		{44815B5D-006D-4CF5-9DA9-719537690669}.Release|Any CPU.ActiveCfg = Release|Any CPU
		{44815B5D-006D-4CF5-9DA9-719537690669}.Release|Any CPU.Build.0 = Release|Any CPU
		{A42FA450-86DE-41BA-9A1D-C5784C0DB15E}.Debug|Any CPU.ActiveCfg = Debug|Any CPU
		{A42FA450-86DE-41BA-9A1D-C5784C0DB15E}.Debug|Any CPU.Build.0 = Debug|Any CPU
		{A42FA450-86DE-41BA-9A1D-C5784C0DB15E}.Release|Any CPU.ActiveCfg = Release|Any CPU
		{A42FA450-86DE-41BA-9A1D-C5784C0DB15E}.Release|Any CPU.Build.0 = Release|Any CPU
		{79768319-CCEA-4D99-ACE1-357BB63C6909}.Debug|Any CPU.ActiveCfg = Debug|Any CPU
		{79768319-CCEA-4D99-ACE1-357BB63C6909}.Debug|Any CPU.Build.0 = Debug|Any CPU
		{79768319-CCEA-4D99-ACE1-357BB63C6909}.Release|Any CPU.ActiveCfg = Release|Any CPU
		{79768319-CCEA-4D99-ACE1-357BB63C6909}.Release|Any CPU.Build.0 = Release|Any CPU
		{00A140DE-B0A9-4FDD-913B-66FD7D5C7B68}.Debug|Any CPU.ActiveCfg = Debug|Any CPU
		{00A140DE-B0A9-4FDD-913B-66FD7D5C7B68}.Debug|Any CPU.Build.0 = Debug|Any CPU
		{00A140DE-B0A9-4FDD-913B-66FD7D5C7B68}.Release|Any CPU.ActiveCfg = Release|Any CPU
		{00A140DE-B0A9-4FDD-913B-66FD7D5C7B68}.Release|Any CPU.Build.0 = Release|Any CPU
		{A7C3BEF7-0312-4C6C-AA43-21567A6AFAC8}.Debug|Any CPU.ActiveCfg = Debug|Any CPU
		{A7C3BEF7-0312-4C6C-AA43-21567A6AFAC8}.Debug|Any CPU.Build.0 = Debug|Any CPU
		{A7C3BEF7-0312-4C6C-AA43-21567A6AFAC8}.Release|Any CPU.ActiveCfg = Release|Any CPU
		{A7C3BEF7-0312-4C6C-AA43-21567A6AFAC8}.Release|Any CPU.Build.0 = Release|Any CPU
		{34B5FAA0-888F-484F-9202-788B8310945F}.Debug|Any CPU.ActiveCfg = Debug|Any CPU
		{34B5FAA0-888F-484F-9202-788B8310945F}.Debug|Any CPU.Build.0 = Debug|Any CPU
		{34B5FAA0-888F-484F-9202-788B8310945F}.Release|Any CPU.ActiveCfg = Release|Any CPU
		{34B5FAA0-888F-484F-9202-788B8310945F}.Release|Any CPU.Build.0 = Release|Any CPU
		{DE6B9EC8-66C3-438B-8F0B-761988EB5F01}.Debug|Any CPU.ActiveCfg = Debug|Any CPU
		{DE6B9EC8-66C3-438B-8F0B-761988EB5F01}.Debug|Any CPU.Build.0 = Debug|Any CPU
		{DE6B9EC8-66C3-438B-8F0B-761988EB5F01}.Release|Any CPU.ActiveCfg = Release|Any CPU
		{DE6B9EC8-66C3-438B-8F0B-761988EB5F01}.Release|Any CPU.Build.0 = Release|Any CPU
	EndGlobalSection
	GlobalSection(SolutionProperties) = preSolution
		HideSolutionNode = FALSE
	EndGlobalSection
EndGlobal
