
Microsoft Visual Studio Solution File, Format Version 12.00
# Visual Studio 2013
VisualStudioVersion = 12.0.30501.0
MinimumVisualStudioVersion = 10.0.40219.1
Project("{FAE04EC0-301F-11D3-BF4B-00C04F79EFBC}") = "4.4 Binary serialization", "4.4 Binary serialization\4.4 Binary serialization.csproj", "{96F4E22E-0645-44BA-8803-415622E00124}"
EndProject
Project("{FAE04EC0-301F-11D3-BF4B-00C04F79EFBC}") = "4.4 XML serialization", "4.4 XML serialization\4.4 XML serialization.csproj", "{98F16DA4-C9EE-40BE-B1C2-1D6138AAF11F}"
EndProject
Project("{FAE04EC0-301F-11D3-BF4B-00C04F79EFBC}") = "4.4 JSON serialization", "4.4 JSON serialization\4.4 JSON serialization.csproj", "{BC4D340D-97F9-469A-871B-EF09DEE9355F}"
EndProject
Project("{FAE04EC0-301F-11D3-BF4B-00C04F79EFBC}") = "4.5 Custom Collections", "4.5 Custom Collections\4.5 Custom Collections.csproj", "{B2B86444-4644-4800-AEAC-122E976C2B14}"
EndProject
Project("{FAE04EC0-301F-11D3-BF4B-00C04F79EFBC}") = "4.5 Generic List", "4.5 Generic List\4.5 Generic List.csproj", "{7D951826-DEE9-46A3-97B2-A7736954F99D}"
EndProject
Project("{FAE04EC0-301F-11D3-BF4B-00C04F79EFBC}") = "4.2 DBDataAdapter", "4.2 DBDataAdapter\4.2 DBDataAdapter.csproj", "{993CFE7A-E3AC-458E-A1EE-4210E192082F}"
EndProject
Project("{FAE04EC0-301F-11D3-BF4B-00C04F79EFBC}") = "4.1 DirectoryInfo", "4.1 DirectoryInfo\4.1 DirectoryInfo.csproj", "{A1D803C9-61FB-4B50-B457-3CA6A312A496}"
EndProject
Project("{FAE04EC0-301F-11D3-BF4B-00C04F79EFBC}") = "4.1 Streams", "4.1 Streams\4.1 Streams.csproj", "{E7B16958-9A1E-4BD0-A4CC-7AD882A93747}"
EndProject
Project("{FAE04EC0-301F-11D3-BF4B-00C04F79EFBC}") = "4.1 StreamReader", "4.1 StreamReader\4.1 StreamReader.csproj", "{02CBF8C2-BCD6-437F-8CF0-80EF19521DFE}"
EndProject
Project("{FAE04EC0-301F-11D3-BF4B-00C04F79EFBC}") = "4.1 Asynchronous IO Operations", "4.1 Asynchronous IO Operations\4.1 Asynchronous IO Operations.csproj", "{6C73C7FF-1069-4F43-9387-5FFEF485463E}"
EndProject
Project("{FAE04EC0-301F-11D3-BF4B-00C04F79EFBC}") = "4.3 LINQ Distinct Method Custom", "4.3 LINQ Distinct Method Custom\4.3 LINQ Distinct Method Custom.csproj", "{B935EB30-BB28-4BBD-B30E-A4FEF5A30BDD}"
EndProject
Project("{FAE04EC0-301F-11D3-BF4B-00C04F79EFBC}") = "3.5 System event log", "3.5 System event log\3.5 System event log.csproj", "{44815B5D-006D-4CF5-9DA9-719537690669}"
EndProject
Project("{FAE04EC0-301F-11D3-BF4B-00C04F79EFBC}") = "3.2 X509Certificates", "3.2 X509Certificates\3.2 X509Certificates.csproj", "{A42FA450-86DE-41BA-9A1D-C5784C0DB15E}"
EndProject
Project("{FAE04EC0-301F-11D3-BF4B-00C04F79EFBC}") = "3.2 ProtectedData", "3.2 ProtectedData\3.2 ProtectedData.csproj", "{79768319-CCEA-4D99-ACE1-357BB63C6909}"
EndProject
Project("{FAE04EC0-301F-11D3-BF4B-00C04F79EFBC}") = "3.2 RSA Asymmetric Algorithm", "3.2 RSA Asymmetric Algorithm\3.2 RSA Asymmetric Algorithm.csproj", "{00A140DE-B0A9-4FDD-913B-66FD7D5C7B68}"
EndProject
Project("{FAE04EC0-301F-11D3-BF4B-00C04F79EFBC}") = "2.5 Reflection", "2.5 Reflection\2.5 Reflection.csproj", "{A7C3BEF7-0312-4C6C-AA43-21567A6AFAC8}"
EndProject
Project("{FAE04EC0-301F-11D3-BF4B-00C04F79EFBC}") = "1.1 Parallel class", "1.1 Parallel class\1.1 Parallel class.csproj", "{34B5FAA0-888F-484F-9202-788B8310945F}"
EndProject
Project("{FAE04EC0-301F-11D3-BF4B-00C04F79EFBC}") = "1.1 Tasks", "1.1 Tasks\1.1 Tasks.csproj", "{DE6B9EC8-66C3-438B-8F0B-761988EB5F01}"
EndProject
Project("{FAE04EC0-301F-11D3-BF4B-00C04F79EFBC}") = "1.1 PLINQ", "1.1 PLINQ\1.1 PLINQ.csproj", "{E200CC69-5E0A-4A3A-A685-893A0561FDD7}"
EndProject
Project("{FAE04EC0-301F-11D3-BF4B-00C04F79EFBC}") = "1.2 Locking", "1.2 Locking\1.2 Locking.csproj", "{54BD2C03-A6AC-4247-8156-4D75E95C3A53}"
EndProject
Project("{FAE04EC0-301F-11D3-BF4B-00C04F79EFBC}") = "1.4 Delegates", "1.4 Delegates\1.4 Delegates.csproj", "{D80521C4-F88F-426F-B79F-AD7B246B1E7D}"
EndProject
Project("{FAE04EC0-301F-11D3-BF4B-00C04F79EFBC}") = "1.4 Events", "1.4 Events\1.4 Events.csproj", "{88A0BAA5-3F96-43A5-8DD0-B838F7CE2B4F}"
EndProject
Project("{FAE04EC0-301F-11D3-BF4B-00C04F79EFBC}") = "2.1 Generics", "2.1 Generics\2.1 Generics.csproj", "{B7DB9CF4-42A7-4A0E-AB6B-FDDBF2E391CC}"
EndProject
Project("{FAE04EC0-301F-11D3-BF4B-00C04F79EFBC}") = "2.1 Extension Methods", "2.1 Extension Methods\2.1 Extension Methods.csproj", "{180F5963-3A34-435C-8804-2A9CC6490481}"
EndProject
Project("{FAE04EC0-301F-11D3-BF4B-00C04F79EFBC}") = "2.3 Explicit interface", "2.3 Explicit interface\2.3 Explicit interface.csproj", "{B5A72203-335D-40E4-8421-3E11FB8F8913}"
EndProject
Project("{FAE04EC0-301F-11D3-BF4B-00C04F79EFBC}") = "2.4 IComparable", "2.4 IComparable\2.4 IComparable.csproj", "{90CB3D68-7E2E-463B-9154-F1AEA70F6838}"
EndProject
Project("{FAE04EC0-301F-11D3-BF4B-00C04F79EFBC}") = "2.4 IEnumerable", "2.4 IEnumerable\2.4 IEnumerable.csproj", "{132F9405-B43F-493A-A5B1-0F956AE7C81B}"
EndProject
Project("{FAE04EC0-301F-11D3-BF4B-00C04F79EFBC}") = "2.5 Custom Attributes", "2.5 Custom Attributes\2.5 Custom Attributes.csproj", "{B9430654-5CAD-412F-8A4D-A29174753F62}"
EndProject
Project("{FAE04EC0-301F-11D3-BF4B-00C04F79EFBC}") = "2.5 CodeDOM", "2.5 CodeDOM\2.5 CodeDOM.csproj", "{7B71F3B0-F422-4661-AD92-CA48CD724AE0}"
EndProject
Project("{FAE04EC0-301F-11D3-BF4B-00C04F79EFBC}") = "2.6 IDisposable", "2.6 IDisposable\2.6 IDisposable.csproj", "{166C2277-E0F4-46D3-BBEF-01E6A224EAD8}"
EndProject
Project("{FAE04EC0-301F-11D3-BF4B-00C04F79EFBC}") = "2.2 Explicit conversion", "2.2 Explicit conversion\2.2 Explicit conversion.csproj", "{C4FA06DC-97BD-44C9-92BB-E31EF8F8E766}"
EndProject
Project("{FAE04EC0-301F-11D3-BF4B-00C04F79EFBC}") = "2.2 Implicit conversion", "2.2 Implicit conversion\2.2 Implicit conversion.csproj", "{66D0EEEB-2062-4C4D-84D2-0736BB40828B}"
EndProject
Project("{FAE04EC0-301F-11D3-BF4B-00C04F79EFBC}") = "3.2 AES Symmetric Algorithm", "3.2 AES Symmetric Algorithm\3.2 AES Symmetric Algorithm.csproj", "{782C06F8-799B-45B9-98FC-673540E033B1}"
EndProject
Project("{FAE04EC0-301F-11D3-BF4B-00C04F79EFBC}") = "4.1 DriveInfo", "4.1 DriveInfo\4.1 DriveInfo.csproj", "{26B60F64-0880-4D5A-AB73-3C3A443476C4}"
EndProject
Project("{FAE04EC0-301F-11D3-BF4B-00C04F79EFBC}") = "4.1 Task.WhenAll", "4.1 Task.WhenAll\4.1 Task.WhenAll.csproj", "{3498A624-E788-40CE-AC8E-70EC5469521D}"
EndProject
Project("{FAE04EC0-301F-11D3-BF4B-00C04F79EFBC}") = "4.2 XmlReader", "4.2 XmlReader\4.2 XmlReader.csproj", "{0A46045D-180D-4E11-B4CF-1193C52FB93D}"
EndProject
Project("{FAE04EC0-301F-11D3-BF4B-00C04F79EFBC}") = "4.2 XmlWriter", "4.2 XmlWriter\4.2 XmlWriter.csproj", "{F582B224-EB9F-4A26-87D7-AF662A38C6DE}"
EndProject
Project("{FAE04EC0-301F-11D3-BF4B-00C04F79EFBC}") = "4.2 XmlDocument", "4.2 XmlDocument\4.2 XmlDocument.csproj", "{A60BA3C2-E224-4E56-A7A1-A7ADEC745224}"
EndProject
Project("{FAE04EC0-301F-11D3-BF4B-00C04F79EFBC}") = "4.3 XElement", "4.3 XElement\4.3 XElement.csproj", "{784CB062-CD9E-41B7-9354-4671CF9A6E0A}"
EndProject
Project("{FAE04EC0-301F-11D3-BF4B-00C04F79EFBC}") = "3.4 Breakpoints", "3.4 Breakpoints\3.4 Breakpoints.csproj", "{3BA76DA5-0FB9-4CED-80A2-ED5B686D6899}"
EndProject
Project("{FAE04EC0-301F-11D3-BF4B-00C04F79EFBC}") = "1.4 Covariance", "1.4 Covariance\1.4 Covariance.csproj", "{15895D31-C08A-4993-8C1C-22CFF52C8D48}"
EndProject
Project("{FAE04EC0-301F-11D3-BF4B-00C04F79EFBC}") = "1.4 Contravariance", "1.4 Contravariance\1.4 Contravariance.csproj", "{7D625EB0-D4E3-49C2-A983-B66BEAC9D166}"
EndProject
Project("{FAE04EC0-301F-11D3-BF4B-00C04F79EFBC}") = "2.5 Type Reflection", "2.5 Type Reflection\2.5 Type Reflection.csproj", "{DFD154FC-89BE-4525-8359-AFB22A1402C9}"
EndProject
Project("{FAE04EC0-301F-11D3-BF4B-00C04F79EFBC}") = "1.4 CarDelegate", "1.4 CarDelegate\1.4 CarDelegate.csproj", "{0613ED0D-9E98-438D-BE58-7793F0E5DE8F}"
EndProject
Global
	GlobalSection(SolutionConfigurationPlatforms) = preSolution
		Debug|Any CPU = Debug|Any CPU
		Release|Any CPU = Release|Any CPU
	EndGlobalSection
	GlobalSection(ProjectConfigurationPlatforms) = postSolution
		{96F4E22E-0645-44BA-8803-415622E00124}.Debug|Any CPU.ActiveCfg = Debug|Any CPU
		{96F4E22E-0645-44BA-8803-415622E00124}.Debug|Any CPU.Build.0 = Debug|Any CPU
		{96F4E22E-0645-44BA-8803-415622E00124}.Release|Any CPU.ActiveCfg = Release|Any CPU
		{96F4E22E-0645-44BA-8803-415622E00124}.Release|Any CPU.Build.0 = Release|Any CPU
		{98F16DA4-C9EE-40BE-B1C2-1D6138AAF11F}.Debug|Any CPU.ActiveCfg = Debug|Any CPU
		{98F16DA4-C9EE-40BE-B1C2-1D6138AAF11F}.Debug|Any CPU.Build.0 = Debug|Any CPU
		{98F16DA4-C9EE-40BE-B1C2-1D6138AAF11F}.Release|Any CPU.ActiveCfg = Release|Any CPU
		{98F16DA4-C9EE-40BE-B1C2-1D6138AAF11F}.Release|Any CPU.Build.0 = Release|Any CPU
		{BC4D340D-97F9-469A-871B-EF09DEE9355F}.Debug|Any CPU.ActiveCfg = Debug|Any CPU
		{BC4D340D-97F9-469A-871B-EF09DEE9355F}.Debug|Any CPU.Build.0 = Debug|Any CPU
		{BC4D340D-97F9-469A-871B-EF09DEE9355F}.Release|Any CPU.ActiveCfg = Release|Any CPU
		{BC4D340D-97F9-469A-871B-EF09DEE9355F}.Release|Any CPU.Build.0 = Release|Any CPU
		{B2B86444-4644-4800-AEAC-122E976C2B14}.Debug|Any CPU.ActiveCfg = Debug|Any CPU
		{B2B86444-4644-4800-AEAC-122E976C2B14}.Debug|Any CPU.Build.0 = Debug|Any CPU
		{B2B86444-4644-4800-AEAC-122E976C2B14}.Release|Any CPU.ActiveCfg = Release|Any CPU
		{B2B86444-4644-4800-AEAC-122E976C2B14}.Release|Any CPU.Build.0 = Release|Any CPU
		{7D951826-DEE9-46A3-97B2-A7736954F99D}.Debug|Any CPU.ActiveCfg = Debug|Any CPU
		{7D951826-DEE9-46A3-97B2-A7736954F99D}.Debug|Any CPU.Build.0 = Debug|Any CPU
		{7D951826-DEE9-46A3-97B2-A7736954F99D}.Release|Any CPU.ActiveCfg = Release|Any CPU
		{7D951826-DEE9-46A3-97B2-A7736954F99D}.Release|Any CPU.Build.0 = Release|Any CPU
		{993CFE7A-E3AC-458E-A1EE-4210E192082F}.Debug|Any CPU.ActiveCfg = Debug|Any CPU
		{993CFE7A-E3AC-458E-A1EE-4210E192082F}.Debug|Any CPU.Build.0 = Debug|Any CPU
		{993CFE7A-E3AC-458E-A1EE-4210E192082F}.Release|Any CPU.ActiveCfg = Release|Any CPU
		{993CFE7A-E3AC-458E-A1EE-4210E192082F}.Release|Any CPU.Build.0 = Release|Any CPU
		{A1D803C9-61FB-4B50-B457-3CA6A312A496}.Debug|Any CPU.ActiveCfg = Debug|Any CPU
		{A1D803C9-61FB-4B50-B457-3CA6A312A496}.Debug|Any CPU.Build.0 = Debug|Any CPU
		{A1D803C9-61FB-4B50-B457-3CA6A312A496}.Release|Any CPU.ActiveCfg = Release|Any CPU
		{A1D803C9-61FB-4B50-B457-3CA6A312A496}.Release|Any CPU.Build.0 = Release|Any CPU
		{E7B16958-9A1E-4BD0-A4CC-7AD882A93747}.Debug|Any CPU.ActiveCfg = Debug|Any CPU
		{E7B16958-9A1E-4BD0-A4CC-7AD882A93747}.Debug|Any CPU.Build.0 = Debug|Any CPU
		{E7B16958-9A1E-4BD0-A4CC-7AD882A93747}.Release|Any CPU.ActiveCfg = Release|Any CPU
		{E7B16958-9A1E-4BD0-A4CC-7AD882A93747}.Release|Any CPU.Build.0 = Release|Any CPU
		{02CBF8C2-BCD6-437F-8CF0-80EF19521DFE}.Debug|Any CPU.ActiveCfg = Debug|Any CPU
		{02CBF8C2-BCD6-437F-8CF0-80EF19521DFE}.Debug|Any CPU.Build.0 = Debug|Any CPU
		{02CBF8C2-BCD6-437F-8CF0-80EF19521DFE}.Release|Any CPU.ActiveCfg = Release|Any CPU
		{02CBF8C2-BCD6-437F-8CF0-80EF19521DFE}.Release|Any CPU.Build.0 = Release|Any CPU
		{6C73C7FF-1069-4F43-9387-5FFEF485463E}.Debug|Any CPU.ActiveCfg = Debug|Any CPU
		{6C73C7FF-1069-4F43-9387-5FFEF485463E}.Debug|Any CPU.Build.0 = Debug|Any CPU
		{6C73C7FF-1069-4F43-9387-5FFEF485463E}.Release|Any CPU.ActiveCfg = Release|Any CPU
		{6C73C7FF-1069-4F43-9387-5FFEF485463E}.Release|Any CPU.Build.0 = Release|Any CPU
		{B935EB30-BB28-4BBD-B30E-A4FEF5A30BDD}.Debug|Any CPU.ActiveCfg = Debug|Any CPU
		{B935EB30-BB28-4BBD-B30E-A4FEF5A30BDD}.Debug|Any CPU.Build.0 = Debug|Any CPU
		{B935EB30-BB28-4BBD-B30E-A4FEF5A30BDD}.Release|Any CPU.ActiveCfg = Release|Any CPU
		{B935EB30-BB28-4BBD-B30E-A4FEF5A30BDD}.Release|Any CPU.Build.0 = Release|Any CPU
		{44815B5D-006D-4CF5-9DA9-719537690669}.Debug|Any CPU.ActiveCfg = Debug|Any CPU
		{44815B5D-006D-4CF5-9DA9-719537690669}.Debug|Any CPU.Build.0 = Debug|Any CPU
		{44815B5D-006D-4CF5-9DA9-719537690669}.Release|Any CPU.ActiveCfg = Release|Any CPU
		{44815B5D-006D-4CF5-9DA9-719537690669}.Release|Any CPU.Build.0 = Release|Any CPU
		{A42FA450-86DE-41BA-9A1D-C5784C0DB15E}.Debug|Any CPU.ActiveCfg = Debug|Any CPU
		{A42FA450-86DE-41BA-9A1D-C5784C0DB15E}.Debug|Any CPU.Build.0 = Debug|Any CPU
		{A42FA450-86DE-41BA-9A1D-C5784C0DB15E}.Release|Any CPU.ActiveCfg = Release|Any CPU
		{A42FA450-86DE-41BA-9A1D-C5784C0DB15E}.Release|Any CPU.Build.0 = Release|Any CPU
		{79768319-CCEA-4D99-ACE1-357BB63C6909}.Debug|Any CPU.ActiveCfg = Debug|Any CPU
		{79768319-CCEA-4D99-ACE1-357BB63C6909}.Debug|Any CPU.Build.0 = Debug|Any CPU
		{79768319-CCEA-4D99-ACE1-357BB63C6909}.Release|Any CPU.ActiveCfg = Release|Any CPU
		{79768319-CCEA-4D99-ACE1-357BB63C6909}.Release|Any CPU.Build.0 = Release|Any CPU
		{00A140DE-B0A9-4FDD-913B-66FD7D5C7B68}.Debug|Any CPU.ActiveCfg = Debug|Any CPU
		{00A140DE-B0A9-4FDD-913B-66FD7D5C7B68}.Debug|Any CPU.Build.0 = Debug|Any CPU
		{00A140DE-B0A9-4FDD-913B-66FD7D5C7B68}.Release|Any CPU.ActiveCfg = Release|Any CPU
		{00A140DE-B0A9-4FDD-913B-66FD7D5C7B68}.Release|Any CPU.Build.0 = Release|Any CPU
		{A7C3BEF7-0312-4C6C-AA43-21567A6AFAC8}.Debug|Any CPU.ActiveCfg = Debug|Any CPU
		{A7C3BEF7-0312-4C6C-AA43-21567A6AFAC8}.Debug|Any CPU.Build.0 = Debug|Any CPU
		{A7C3BEF7-0312-4C6C-AA43-21567A6AFAC8}.Release|Any CPU.ActiveCfg = Release|Any CPU
		{A7C3BEF7-0312-4C6C-AA43-21567A6AFAC8}.Release|Any CPU.Build.0 = Release|Any CPU
		{34B5FAA0-888F-484F-9202-788B8310945F}.Debug|Any CPU.ActiveCfg = Debug|Any CPU
		{34B5FAA0-888F-484F-9202-788B8310945F}.Debug|Any CPU.Build.0 = Debug|Any CPU
		{34B5FAA0-888F-484F-9202-788B8310945F}.Release|Any CPU.ActiveCfg = Release|Any CPU
		{34B5FAA0-888F-484F-9202-788B8310945F}.Release|Any CPU.Build.0 = Release|Any CPU
		{DE6B9EC8-66C3-438B-8F0B-761988EB5F01}.Debug|Any CPU.ActiveCfg = Debug|Any CPU
		{DE6B9EC8-66C3-438B-8F0B-761988EB5F01}.Debug|Any CPU.Build.0 = Debug|Any CPU
		{DE6B9EC8-66C3-438B-8F0B-761988EB5F01}.Release|Any CPU.ActiveCfg = Release|Any CPU
		{DE6B9EC8-66C3-438B-8F0B-761988EB5F01}.Release|Any CPU.Build.0 = Release|Any CPU
		{E200CC69-5E0A-4A3A-A685-893A0561FDD7}.Debug|Any CPU.ActiveCfg = Debug|Any CPU
		{E200CC69-5E0A-4A3A-A685-893A0561FDD7}.Debug|Any CPU.Build.0 = Debug|Any CPU
		{E200CC69-5E0A-4A3A-A685-893A0561FDD7}.Release|Any CPU.ActiveCfg = Release|Any CPU
		{E200CC69-5E0A-4A3A-A685-893A0561FDD7}.Release|Any CPU.Build.0 = Release|Any CPU
		{54BD2C03-A6AC-4247-8156-4D75E95C3A53}.Debug|Any CPU.ActiveCfg = Debug|Any CPU
		{54BD2C03-A6AC-4247-8156-4D75E95C3A53}.Debug|Any CPU.Build.0 = Debug|Any CPU
		{54BD2C03-A6AC-4247-8156-4D75E95C3A53}.Release|Any CPU.ActiveCfg = Release|Any CPU
		{54BD2C03-A6AC-4247-8156-4D75E95C3A53}.Release|Any CPU.Build.0 = Release|Any CPU
		{D80521C4-F88F-426F-B79F-AD7B246B1E7D}.Debug|Any CPU.ActiveCfg = Debug|Any CPU
		{D80521C4-F88F-426F-B79F-AD7B246B1E7D}.Debug|Any CPU.Build.0 = Debug|Any CPU
		{D80521C4-F88F-426F-B79F-AD7B246B1E7D}.Release|Any CPU.ActiveCfg = Release|Any CPU
		{D80521C4-F88F-426F-B79F-AD7B246B1E7D}.Release|Any CPU.Build.0 = Release|Any CPU
		{88A0BAA5-3F96-43A5-8DD0-B838F7CE2B4F}.Debug|Any CPU.ActiveCfg = Debug|Any CPU
		{88A0BAA5-3F96-43A5-8DD0-B838F7CE2B4F}.Debug|Any CPU.Build.0 = Debug|Any CPU
		{88A0BAA5-3F96-43A5-8DD0-B838F7CE2B4F}.Release|Any CPU.ActiveCfg = Release|Any CPU
		{88A0BAA5-3F96-43A5-8DD0-B838F7CE2B4F}.Release|Any CPU.Build.0 = Release|Any CPU
		{B7DB9CF4-42A7-4A0E-AB6B-FDDBF2E391CC}.Debug|Any CPU.ActiveCfg = Debug|Any CPU
		{B7DB9CF4-42A7-4A0E-AB6B-FDDBF2E391CC}.Debug|Any CPU.Build.0 = Debug|Any CPU
		{B7DB9CF4-42A7-4A0E-AB6B-FDDBF2E391CC}.Release|Any CPU.ActiveCfg = Release|Any CPU
		{B7DB9CF4-42A7-4A0E-AB6B-FDDBF2E391CC}.Release|Any CPU.Build.0 = Release|Any CPU
		{180F5963-3A34-435C-8804-2A9CC6490481}.Debug|Any CPU.ActiveCfg = Debug|Any CPU
		{180F5963-3A34-435C-8804-2A9CC6490481}.Debug|Any CPU.Build.0 = Debug|Any CPU
		{180F5963-3A34-435C-8804-2A9CC6490481}.Release|Any CPU.ActiveCfg = Release|Any CPU
		{180F5963-3A34-435C-8804-2A9CC6490481}.Release|Any CPU.Build.0 = Release|Any CPU
		{B5A72203-335D-40E4-8421-3E11FB8F8913}.Debug|Any CPU.ActiveCfg = Debug|Any CPU
		{B5A72203-335D-40E4-8421-3E11FB8F8913}.Debug|Any CPU.Build.0 = Debug|Any CPU
		{B5A72203-335D-40E4-8421-3E11FB8F8913}.Release|Any CPU.ActiveCfg = Release|Any CPU
		{B5A72203-335D-40E4-8421-3E11FB8F8913}.Release|Any CPU.Build.0 = Release|Any CPU
		{90CB3D68-7E2E-463B-9154-F1AEA70F6838}.Debug|Any CPU.ActiveCfg = Debug|Any CPU
		{90CB3D68-7E2E-463B-9154-F1AEA70F6838}.Debug|Any CPU.Build.0 = Debug|Any CPU
		{90CB3D68-7E2E-463B-9154-F1AEA70F6838}.Release|Any CPU.ActiveCfg = Release|Any CPU
		{90CB3D68-7E2E-463B-9154-F1AEA70F6838}.Release|Any CPU.Build.0 = Release|Any CPU
		{132F9405-B43F-493A-A5B1-0F956AE7C81B}.Debug|Any CPU.ActiveCfg = Debug|Any CPU
		{132F9405-B43F-493A-A5B1-0F956AE7C81B}.Debug|Any CPU.Build.0 = Debug|Any CPU
		{132F9405-B43F-493A-A5B1-0F956AE7C81B}.Release|Any CPU.ActiveCfg = Release|Any CPU
		{132F9405-B43F-493A-A5B1-0F956AE7C81B}.Release|Any CPU.Build.0 = Release|Any CPU
		{B9430654-5CAD-412F-8A4D-A29174753F62}.Debug|Any CPU.ActiveCfg = Debug|Any CPU
		{B9430654-5CAD-412F-8A4D-A29174753F62}.Debug|Any CPU.Build.0 = Debug|Any CPU
		{B9430654-5CAD-412F-8A4D-A29174753F62}.Release|Any CPU.ActiveCfg = Release|Any CPU
		{B9430654-5CAD-412F-8A4D-A29174753F62}.Release|Any CPU.Build.0 = Release|Any CPU
		{7B71F3B0-F422-4661-AD92-CA48CD724AE0}.Debug|Any CPU.ActiveCfg = Debug|Any CPU
		{7B71F3B0-F422-4661-AD92-CA48CD724AE0}.Debug|Any CPU.Build.0 = Debug|Any CPU
		{7B71F3B0-F422-4661-AD92-CA48CD724AE0}.Release|Any CPU.ActiveCfg = Release|Any CPU
		{7B71F3B0-F422-4661-AD92-CA48CD724AE0}.Release|Any CPU.Build.0 = Release|Any CPU
		{166C2277-E0F4-46D3-BBEF-01E6A224EAD8}.Debug|Any CPU.ActiveCfg = Debug|Any CPU
		{166C2277-E0F4-46D3-BBEF-01E6A224EAD8}.Debug|Any CPU.Build.0 = Debug|Any CPU
		{166C2277-E0F4-46D3-BBEF-01E6A224EAD8}.Release|Any CPU.ActiveCfg = Release|Any CPU
		{166C2277-E0F4-46D3-BBEF-01E6A224EAD8}.Release|Any CPU.Build.0 = Release|Any CPU
		{C4FA06DC-97BD-44C9-92BB-E31EF8F8E766}.Debug|Any CPU.ActiveCfg = Debug|Any CPU
		{C4FA06DC-97BD-44C9-92BB-E31EF8F8E766}.Debug|Any CPU.Build.0 = Debug|Any CPU
		{C4FA06DC-97BD-44C9-92BB-E31EF8F8E766}.Release|Any CPU.ActiveCfg = Release|Any CPU
		{C4FA06DC-97BD-44C9-92BB-E31EF8F8E766}.Release|Any CPU.Build.0 = Release|Any CPU
		{66D0EEEB-2062-4C4D-84D2-0736BB40828B}.Debug|Any CPU.ActiveCfg = Debug|Any CPU
		{66D0EEEB-2062-4C4D-84D2-0736BB40828B}.Debug|Any CPU.Build.0 = Debug|Any CPU
		{66D0EEEB-2062-4C4D-84D2-0736BB40828B}.Release|Any CPU.ActiveCfg = Release|Any CPU
		{66D0EEEB-2062-4C4D-84D2-0736BB40828B}.Release|Any CPU.Build.0 = Release|Any CPU
		{782C06F8-799B-45B9-98FC-673540E033B1}.Debug|Any CPU.ActiveCfg = Debug|Any CPU
		{782C06F8-799B-45B9-98FC-673540E033B1}.Debug|Any CPU.Build.0 = Debug|Any CPU
		{782C06F8-799B-45B9-98FC-673540E033B1}.Release|Any CPU.ActiveCfg = Release|Any CPU
		{782C06F8-799B-45B9-98FC-673540E033B1}.Release|Any CPU.Build.0 = Release|Any CPU
		{26B60F64-0880-4D5A-AB73-3C3A443476C4}.Debug|Any CPU.ActiveCfg = Debug|Any CPU
		{26B60F64-0880-4D5A-AB73-3C3A443476C4}.Debug|Any CPU.Build.0 = Debug|Any CPU
		{26B60F64-0880-4D5A-AB73-3C3A443476C4}.Release|Any CPU.ActiveCfg = Release|Any CPU
		{26B60F64-0880-4D5A-AB73-3C3A443476C4}.Release|Any CPU.Build.0 = Release|Any CPU
		{3498A624-E788-40CE-AC8E-70EC5469521D}.Debug|Any CPU.ActiveCfg = Debug|Any CPU
		{3498A624-E788-40CE-AC8E-70EC5469521D}.Debug|Any CPU.Build.0 = Debug|Any CPU
		{3498A624-E788-40CE-AC8E-70EC5469521D}.Release|Any CPU.ActiveCfg = Release|Any CPU
		{3498A624-E788-40CE-AC8E-70EC5469521D}.Release|Any CPU.Build.0 = Release|Any CPU
		{0A46045D-180D-4E11-B4CF-1193C52FB93D}.Debug|Any CPU.ActiveCfg = Debug|Any CPU
		{0A46045D-180D-4E11-B4CF-1193C52FB93D}.Debug|Any CPU.Build.0 = Debug|Any CPU
		{0A46045D-180D-4E11-B4CF-1193C52FB93D}.Release|Any CPU.ActiveCfg = Release|Any CPU
		{0A46045D-180D-4E11-B4CF-1193C52FB93D}.Release|Any CPU.Build.0 = Release|Any CPU
		{F582B224-EB9F-4A26-87D7-AF662A38C6DE}.Debug|Any CPU.ActiveCfg = Debug|Any CPU
		{F582B224-EB9F-4A26-87D7-AF662A38C6DE}.Debug|Any CPU.Build.0 = Debug|Any CPU
		{F582B224-EB9F-4A26-87D7-AF662A38C6DE}.Release|Any CPU.ActiveCfg = Release|Any CPU
		{F582B224-EB9F-4A26-87D7-AF662A38C6DE}.Release|Any CPU.Build.0 = Release|Any CPU
		{A60BA3C2-E224-4E56-A7A1-A7ADEC745224}.Debug|Any CPU.ActiveCfg = Debug|Any CPU
		{A60BA3C2-E224-4E56-A7A1-A7ADEC745224}.Debug|Any CPU.Build.0 = Debug|Any CPU
		{A60BA3C2-E224-4E56-A7A1-A7ADEC745224}.Release|Any CPU.ActiveCfg = Release|Any CPU
		{A60BA3C2-E224-4E56-A7A1-A7ADEC745224}.Release|Any CPU.Build.0 = Release|Any CPU
		{784CB062-CD9E-41B7-9354-4671CF9A6E0A}.Debug|Any CPU.ActiveCfg = Debug|Any CPU
		{784CB062-CD9E-41B7-9354-4671CF9A6E0A}.Debug|Any CPU.Build.0 = Debug|Any CPU
		{784CB062-CD9E-41B7-9354-4671CF9A6E0A}.Release|Any CPU.ActiveCfg = Release|Any CPU
		{784CB062-CD9E-41B7-9354-4671CF9A6E0A}.Release|Any CPU.Build.0 = Release|Any CPU
		{3BA76DA5-0FB9-4CED-80A2-ED5B686D6899}.Debug|Any CPU.ActiveCfg = Debug|Any CPU
		{3BA76DA5-0FB9-4CED-80A2-ED5B686D6899}.Debug|Any CPU.Build.0 = Debug|Any CPU
		{3BA76DA5-0FB9-4CED-80A2-ED5B686D6899}.Release|Any CPU.ActiveCfg = Release|Any CPU
		{3BA76DA5-0FB9-4CED-80A2-ED5B686D6899}.Release|Any CPU.Build.0 = Release|Any CPU
		{15895D31-C08A-4993-8C1C-22CFF52C8D48}.Debug|Any CPU.ActiveCfg = Debug|Any CPU
		{15895D31-C08A-4993-8C1C-22CFF52C8D48}.Debug|Any CPU.Build.0 = Debug|Any CPU
		{15895D31-C08A-4993-8C1C-22CFF52C8D48}.Release|Any CPU.ActiveCfg = Release|Any CPU
		{15895D31-C08A-4993-8C1C-22CFF52C8D48}.Release|Any CPU.Build.0 = Release|Any CPU
		{7D625EB0-D4E3-49C2-A983-B66BEAC9D166}.Debug|Any CPU.ActiveCfg = Debug|Any CPU
		{7D625EB0-D4E3-49C2-A983-B66BEAC9D166}.Debug|Any CPU.Build.0 = Debug|Any CPU
		{7D625EB0-D4E3-49C2-A983-B66BEAC9D166}.Release|Any CPU.ActiveCfg = Release|Any CPU
		{7D625EB0-D4E3-49C2-A983-B66BEAC9D166}.Release|Any CPU.Build.0 = Release|Any CPU
		{DFD154FC-89BE-4525-8359-AFB22A1402C9}.Debug|Any CPU.ActiveCfg = Debug|Any CPU
		{DFD154FC-89BE-4525-8359-AFB22A1402C9}.Debug|Any CPU.Build.0 = Debug|Any CPU
		{DFD154FC-89BE-4525-8359-AFB22A1402C9}.Release|Any CPU.ActiveCfg = Release|Any CPU
		{DFD154FC-89BE-4525-8359-AFB22A1402C9}.Release|Any CPU.Build.0 = Release|Any CPU
		{0613ED0D-9E98-438D-BE58-7793F0E5DE8F}.Debug|Any CPU.ActiveCfg = Debug|Any CPU
		{0613ED0D-9E98-438D-BE58-7793F0E5DE8F}.Debug|Any CPU.Build.0 = Debug|Any CPU
		{0613ED0D-9E98-438D-BE58-7793F0E5DE8F}.Release|Any CPU.ActiveCfg = Release|Any CPU
		{0613ED0D-9E98-438D-BE58-7793F0E5DE8F}.Release|Any CPU.Build.0 = Release|Any CPU
	EndGlobalSection
	GlobalSection(SolutionProperties) = preSolution
		HideSolutionNode = FALSE
	EndGlobalSection
EndGlobal
